// !$*UTF8*$!
{
	archiveVersion = 1;
	classes = {
	};
	objectVersion = 46;
	objects = {

/* Begin PBXBuildFile section */
		84A0FD241C9B4A8D00F6BEA5 /* main.cpp in Sources */ = {isa = PBXBuildFile; fileRef = 84A0FD231C9B4A8D00F6BEA5 /* main.cpp */; };
/* End PBXBuildFile section */

/* Begin PBXCopyFilesBuildPhase section */
		84A0FD1E1C9B4A8D00F6BEA5 /* CopyFiles */ = {
			isa = PBXCopyFilesBuildPhase;
			buildActionMask = 2147483647;
			dstPath = /usr/share/man/man1/;
			dstSubfolderSpec = 0;
			files = (
			);
			runOnlyForDeploymentPostprocessing = 1;
		};
/* End PBXCopyFilesBuildPhase section */

/* Begin PBXFileReference section */
		84A0FD201C9B4A8D00F6BEA5 /* rb-fd */ = {isa = PBXFileReference; explicitFileType = "compiled.mach-o.executable"; includeInIndex = 0; path = "rb-fd"; sourceTree = BUILT_PRODUCTS_DIR; };
		84A0FD231C9B4A8D00F6BEA5 /* main.cpp */ = {isa = PBXFileReference; lastKnownFileType = sourcecode.cpp.cpp; path = main.cpp; sourceTree = "<group>"; };
/* End PBXFileReference section */

/* Begin PBXFrameworksBuildPhase section */
		84A0FD1D1C9B4A8D00F6BEA5 /* Frameworks */ = {
			isa = PBXFrameworksBuildPhase;
			buildActionMask = 2147483647;
			files = (
			);
			runOnlyForDeploymentPostprocessing = 0;
		};
/* End PBXFrameworksBuildPhase section */

/* Begin PBXGroup section */
		84A0FD171C9B4A8D00F6BEA5 = {
			isa = PBXGroup;
			children = (
				84A0FD221C9B4A8D00F6BEA5 /* rb-fd */,
				84A0FD211C9B4A8D00F6BEA5 /* Products */,
			);
			sourceTree = "<group>";
		};
		84A0FD211C9B4A8D00F6BEA5 /* Products */ = {
			isa = PBXGroup;
			children = (
				84A0FD201C9B4A8D00F6BEA5 /* rb-fd */,
			);
			name = Products;
			sourceTree = "<group>";
		};
		84A0FD221C9B4A8D00F6BEA5 /* rb-fd */ = {
			isa = PBXGroup;
			children = (
				84A0FD231C9B4A8D00F6BEA5 /* main.cpp */,
			);
			path = "rb-fd";
			sourceTree = "<group>";
		};
/* End PBXGroup section */

/* Begin PBXNativeTarget section */
		84A0FD1F1C9B4A8D00F6BEA5 /* rb-fd */ = {
			isa = PBXNativeTarget;
			buildConfigurationList = 84A0FD271C9B4A8D00F6BEA5 /* Build configuration list for PBXNativeTarget "rb-fd" */;
			buildPhases = (
				84A0FD1C1C9B4A8D00F6BEA5 /* Sources */,
				84A0FD1D1C9B4A8D00F6BEA5 /* Frameworks */,
				84A0FD1E1C9B4A8D00F6BEA5 /* CopyFiles */,
			);
			buildRules = (
			);
			dependencies = (
			);
			name = "rb-fd";
			productName = "rb-fd";
			productReference = 84A0FD201C9B4A8D00F6BEA5 /* rb-fd */;
			productType = "com.apple.product-type.tool";
		};
/* End PBXNativeTarget section */

/* Begin PBXProject section */
		84A0FD181C9B4A8D00F6BEA5 /* Project object */ = {
			isa = PBXProject;
			attributes = {
				LastUpgradeCheck = 0710;
				ORGANIZATIONNAME = "April Wright";
				TargetAttributes = {
					84A0FD1F1C9B4A8D00F6BEA5 = {
						CreatedOnToolsVersion = 7.1;
					};
				};
			};
			buildConfigurationList = 84A0FD1B1C9B4A8D00F6BEA5 /* Build configuration list for PBXProject "rb-fd" */;
			compatibilityVersion = "Xcode 3.2";
			developmentRegion = English;
			hasScannedForEncodings = 0;
			knownRegions = (
				en,
			);
			mainGroup = 84A0FD171C9B4A8D00F6BEA5;
			productRefGroup = 84A0FD211C9B4A8D00F6BEA5 /* Products */;
			projectDirPath = "";
			projectRoot = "";
			targets = (
				84A0FD1F1C9B4A8D00F6BEA5 /* rb-fd */,
			);
		};
/* End PBXProject section */

/* Begin PBXSourcesBuildPhase section */
		84A0FD1C1C9B4A8D00F6BEA5 /* Sources */ = {
			isa = PBXSourcesBuildPhase;
			buildActionMask = 2147483647;
			files = (
				84A0FD241C9B4A8D00F6BEA5 /* main.cpp in Sources */,
			);
			runOnlyForDeploymentPostprocessing = 0;
		};
/* End PBXSourcesBuildPhase section */

/* Begin XCBuildConfiguration section */
		84A0FD251C9B4A8D00F6BEA5 /* Debug */ = {
			isa = XCBuildConfiguration;
			buildSettings = {
				ALWAYS_SEARCH_USER_PATHS = NO;
				CLANG_CXX_LANGUAGE_STANDARD = "gnu++0x";
				CLANG_CXX_LIBRARY = "libc++";
				CLANG_ENABLE_MODULES = YES;
				CLANG_ENABLE_OBJC_ARC = YES;
				CLANG_WARN_BOOL_CONVERSION = YES;
				CLANG_WARN_CONSTANT_CONVERSION = YES;
				CLANG_WARN_DIRECT_OBJC_ISA_USAGE = YES_ERROR;
				CLANG_WARN_EMPTY_BODY = YES;
				CLANG_WARN_ENUM_CONVERSION = YES;
				CLANG_WARN_INT_CONVERSION = YES;
				CLANG_WARN_OBJC_ROOT_CLASS = YES_ERROR;
				CLANG_WARN_UNREACHABLE_CODE = YES;
				CLANG_WARN__DUPLICATE_METHOD_MATCH = YES;
				CODE_SIGN_IDENTITY = "-";
				COPY_PHASE_STRIP = NO;
				DEBUG_INFORMATION_FORMAT = dwarf;
				ENABLE_STRICT_OBJC_MSGSEND = YES;
				ENABLE_TESTABILITY = YES;
				GCC_C_LANGUAGE_STANDARD = gnu99;
				GCC_DYNAMIC_NO_PIC = NO;
				GCC_NO_COMMON_BLOCKS = YES;
				GCC_OPTIMIZATION_LEVEL = 0;
				GCC_PREPROCESSOR_DEFINITIONS = (
					"DEBUG=1",
					"$(inherited)",
				);
				GCC_WARN_64_TO_32_BIT_CONVERSION = YES;
				GCC_WARN_ABOUT_RETURN_TYPE = YES_ERROR;
				GCC_WARN_UNDECLARED_SELECTOR = YES;
				GCC_WARN_UNINITIALIZED_AUTOS = YES_AGGRESSIVE;
				GCC_WARN_UNUSED_FUNCTION = YES;
				GCC_WARN_UNUSED_VARIABLE = YES;
				MACOSX_DEPLOYMENT_TARGET = 10.10;
				MTL_ENABLE_DEBUG_INFO = YES;
				ONLY_ACTIVE_ARCH = YES;
				SDKROOT = macosx;
			};
			name = Debug;
		};
		84A0FD261C9B4A8D00F6BEA5 /* Release */ = {
			isa = XCBuildConfiguration;
			buildSettings = {
				ALWAYS_SEARCH_USER_PATHS = NO;
				CLANG_CXX_LANGUAGE_STANDARD = "gnu++0x";
				CLANG_CXX_LIBRARY = "libc++";
				CLANG_ENABLE_MODULES = YES;
				CLANG_ENABLE_OBJC_ARC = YES;
				CLANG_WARN_BOOL_CONVERSION = YES;
				CLANG_WARN_CONSTANT_CONVERSION = YES;
				CLANG_WARN_DIRECT_OBJC_ISA_USAGE = YES_ERROR;
				CLANG_WARN_EMPTY_BODY = YES;
				CLANG_WARN_ENUM_CONVERSION = YES;
				CLANG_WARN_INT_CONVERSION = YES;
				CLANG_WARN_OBJC_ROOT_CLASS = YES_ERROR;
				CLANG_WARN_UNREACHABLE_CODE = YES;
				CLANG_WARN__DUPLICATE_METHOD_MATCH = YES;
				CODE_SIGN_IDENTITY = "-";
				COPY_PHASE_STRIP = NO;
				DEBUG_INFORMATION_FORMAT = "dwarf-with-dsym";
				ENABLE_NS_ASSERTIONS = NO;
				ENABLE_STRICT_OBJC_MSGSEND = YES;
				GCC_C_LANGUAGE_STANDARD = gnu99;
				GCC_NO_COMMON_BLOCKS = YES;
				GCC_WARN_64_TO_32_BIT_CONVERSION = YES;
				GCC_WARN_ABOUT_RETURN_TYPE = YES_ERROR;
				GCC_WARN_UNDECLARED_SELECTOR = YES;
				GCC_WARN_UNINITIALIZED_AUTOS = YES_AGGRESSIVE;
				GCC_WARN_UNUSED_FUNCTION = YES;
				GCC_WARN_UNUSED_VARIABLE = YES;
				MACOSX_DEPLOYMENT_TARGET = 10.10;
				MTL_ENABLE_DEBUG_INFO = NO;
				SDKROOT = macosx;
			};
			name = Release;
		};
		84A0FD281C9B4A8D00F6BEA5 /* Debug */ = {
			isa = XCBuildConfiguration;
			buildSettings = {
				PRODUCT_NAME = "$(TARGET_NAME)";
			};
			name = Debug;
		};
		84A0FD291C9B4A8D00F6BEA5 /* Release */ = {
			isa = XCBuildConfiguration;
			buildSettings = {
				PRODUCT_NAME = "$(TARGET_NAME)";
			};
			name = Release;
		};
/* End XCBuildConfiguration section */

/* Begin XCConfigurationList section */
		84A0FD1B1C9B4A8D00F6BEA5 /* Build configuration list for PBXProject "rb-fd" */ = {
			isa = XCConfigurationList;
			buildConfigurations = (
				84A0FD251C9B4A8D00F6BEA5 /* Debug */,
				84A0FD261C9B4A8D00F6BEA5 /* Release */,
			);
			defaultConfigurationIsVisible = 0;
			defaultConfigurationName = Release;
		};
		84A0FD271C9B4A8D00F6BEA5 /* Build configuration list for PBXNativeTarget "rb-fd" */ = {
			isa = XCConfigurationList;
			buildConfigurations = (
				84A0FD281C9B4A8D00F6BEA5 /* Debug */,
				84A0FD291C9B4A8D00F6BEA5 /* Release */,
			);
			defaultConfigurationIsVisible = 0;
		};
/* End XCConfigurationList section */
	};
	rootObject = 84A0FD181C9B4A8D00F6BEA5 /* Project object */;
}
