// !$*UTF8*$!
{
	archiveVersion = 1;
	classes = {
	};
	objectVersion = 46;
	objects = {

/* Begin PBXBuildFile section */
		BD76E54F1BB9D83300C84460 /* main.cpp in Sources */ = {isa = PBXBuildFile; fileRef = BD76E54E1BB9D83300C84460 /* main.cpp */; };
/* End PBXBuildFile section */

/* Begin PBXCopyFilesBuildPhase section */
		BD76E5491BB9D83300C84460 /* CopyFiles */ = {
			isa = PBXCopyFilesBuildPhase;
			buildActionMask = 2147483647;
			dstPath = /usr/share/man/man1/;
			dstSubfolderSpec = 0;
			files = (
			);
			runOnlyForDeploymentPostprocessing = 1;
		};
/* End PBXCopyFilesBuildPhase section */

/* Begin PBXFileReference section */
		BD76E54B1BB9D83300C84460 /* RevBayes */ = {isa = PBXFileReference; explicitFileType = "compiled.mach-o.executable"; includeInIndex = 0; path = RevBayes; sourceTree = BUILT_PRODUCTS_DIR; };
		BD76E54E1BB9D83300C84460 /* main.cpp */ = {isa = PBXFileReference; lastKnownFileType = sourcecode.cpp.cpp; path = main.cpp; sourceTree = "<group>"; };
/* End PBXFileReference section */

/* Begin PBXFrameworksBuildPhase section */
		BD76E5481BB9D83300C84460 /* Frameworks */ = {
			isa = PBXFrameworksBuildPhase;
			buildActionMask = 2147483647;
			files = (
			);
			runOnlyForDeploymentPostprocessing = 0;
		};
/* End PBXFrameworksBuildPhase section */

/* Begin PBXGroup section */
		BD76E5421BB9D83300C84460 = {
			isa = PBXGroup;
			children = (
				BD76E54D1BB9D83300C84460 /* RevBayes */,
				BD76E54C1BB9D83300C84460 /* Products */,
			);
			sourceTree = "<group>";
		};
		BD76E54C1BB9D83300C84460 /* Products */ = {
			isa = PBXGroup;
			children = (
				BD76E54B1BB9D83300C84460 /* RevBayes */,
			);
			name = Products;
			sourceTree = "<group>";
		};
		BD76E54D1BB9D83300C84460 /* RevBayes */ = {
			isa = PBXGroup;
			children = (
				BD76E54E1BB9D83300C84460 /* main.cpp */,
			);
			path = RevBayes;
			sourceTree = "<group>";
		};
/* End PBXGroup section */

/* Begin PBXNativeTarget section */
		BD76E54A1BB9D83300C84460 /* RevBayes */ = {
			isa = PBXNativeTarget;
			buildConfigurationList = BD76E5521BB9D83300C84460 /* Build configuration list for PBXNativeTarget "RevBayes" */;
			buildPhases = (
				BD76E5471BB9D83300C84460 /* Sources */,
				BD76E5481BB9D83300C84460 /* Frameworks */,
				BD76E5491BB9D83300C84460 /* CopyFiles */,
			);
			buildRules = (
			);
			dependencies = (
			);
			name = RevBayes;
			productName = RevBayes;
			productReference = BD76E54B1BB9D83300C84460 /* RevBayes */;
			productType = "com.apple.product-type.tool";
		};
/* End PBXNativeTarget section */

/* Begin PBXProject section */
		BD76E5431BB9D83300C84460 /* Project object */ = {
			isa = PBXProject;
			attributes = {
				LastUpgradeCheck = 0620;
				ORGANIZATIONNAME = "Bastien Boussau";
				TargetAttributes = {
					BD76E54A1BB9D83300C84460 = {
						CreatedOnToolsVersion = 6.2;
					};
				};
			};
			buildConfigurationList = BD76E5461BB9D83300C84460 /* Build configuration list for PBXProject "RevBayes" */;
			compatibilityVersion = "Xcode 3.2";
			developmentRegion = English;
			hasScannedForEncodings = 0;
			knownRegions = (
				en,
			);
			mainGroup = BD76E5421BB9D83300C84460;
			productRefGroup = BD76E54C1BB9D83300C84460 /* Products */;
			projectDirPath = "";
			projectRoot = "";
			targets = (
				BD76E54A1BB9D83300C84460 /* RevBayes */,
			);
		};
/* End PBXProject section */

/* Begin PBXSourcesBuildPhase section */
		BD76E5471BB9D83300C84460 /* Sources */ = {
			isa = PBXSourcesBuildPhase;
			buildActionMask = 2147483647;
			files = (
				BD76E54F1BB9D83300C84460 /* main.cpp in Sources */,
			);
			runOnlyForDeploymentPostprocessing = 0;
		};
/* End PBXSourcesBuildPhase section */

/* Begin XCBuildConfiguration section */
		BD76E5501BB9D83300C84460 /* Debug */ = {
			isa = XCBuildConfiguration;
			buildSettings = {
				ALWAYS_SEARCH_USER_PATHS = NO;
				CLANG_CXX_LANGUAGE_STANDARD = "gnu++0x";
				CLANG_CXX_LIBRARY = "libc++";
				CLANG_ENABLE_MODULES = YES;
				CLANG_ENABLE_OBJC_ARC = YES;
				CLANG_WARN_BOOL_CONVERSION = YES;
				CLANG_WARN_CONSTANT_CONVERSION = YES;
				CLANG_WARN_DIRECT_OBJC_ISA_USAGE = YES_ERROR;
				CLANG_WARN_EMPTY_BODY = YES;
				CLANG_WARN_ENUM_CONVERSION = YES;
				CLANG_WARN_INT_CONVERSION = YES;
				CLANG_WARN_OBJC_ROOT_CLASS = YES_ERROR;
				CLANG_WARN_UNREACHABLE_CODE = YES;
				CLANG_WARN__DUPLICATE_METHOD_MATCH = YES;
				COPY_PHASE_STRIP = NO;
				ENABLE_STRICT_OBJC_MSGSEND = YES;
				GCC_C_LANGUAGE_STANDARD = gnu99;
				GCC_DYNAMIC_NO_PIC = NO;
				GCC_OPTIMIZATION_LEVEL = 0;
				GCC_PREPROCESSOR_DEFINITIONS = (
					"DEBUG=1",
					"$(inherited)",
				);
				GCC_SYMBOLS_PRIVATE_EXTERN = NO;
				GCC_WARN_64_TO_32_BIT_CONVERSION = YES;
				GCC_WARN_ABOUT_RETURN_TYPE = YES_ERROR;
				GCC_WARN_UNDECLARED_SELECTOR = YES;
				GCC_WARN_UNINITIALIZED_AUTOS = YES_AGGRESSIVE;
				GCC_WARN_UNUSED_FUNCTION = YES;
				GCC_WARN_UNUSED_VARIABLE = YES;
				MACOSX_DEPLOYMENT_TARGET = 10.10;
				MTL_ENABLE_DEBUG_INFO = YES;
				ONLY_ACTIVE_ARCH = YES;
				SDKROOT = macosx;
			};
			name = Debug;
		};
		BD76E5511BB9D83300C84460 /* Release */ = {
			isa = XCBuildConfiguration;
			buildSettings = {
				ALWAYS_SEARCH_USER_PATHS = NO;
				CLANG_CXX_LANGUAGE_STANDARD = "gnu++0x";
				CLANG_CXX_LIBRARY = "libc++";
				CLANG_ENABLE_MODULES = YES;
				CLANG_ENABLE_OBJC_ARC = YES;
				CLANG_WARN_BOOL_CONVERSION = YES;
				CLANG_WARN_CONSTANT_CONVERSION = YES;
				CLANG_WARN_DIRECT_OBJC_ISA_USAGE = YES_ERROR;
				CLANG_WARN_EMPTY_BODY = YES;
				CLANG_WARN_ENUM_CONVERSION = YES;
				CLANG_WARN_INT_CONVERSION = YES;
				CLANG_WARN_OBJC_ROOT_CLASS = YES_ERROR;
				CLANG_WARN_UNREACHABLE_CODE = YES;
				CLANG_WARN__DUPLICATE_METHOD_MATCH = YES;
				COPY_PHASE_STRIP = NO;
				DEBUG_INFORMATION_FORMAT = "dwarf-with-dsym";
				ENABLE_NS_ASSERTIONS = NO;
				ENABLE_STRICT_OBJC_MSGSEND = YES;
				GCC_C_LANGUAGE_STANDARD = gnu99;
				GCC_WARN_64_TO_32_BIT_CONVERSION = YES;
				GCC_WARN_ABOUT_RETURN_TYPE = YES_ERROR;
				GCC_WARN_UNDECLARED_SELECTOR = YES;
				GCC_WARN_UNINITIALIZED_AUTOS = YES_AGGRESSIVE;
				GCC_WARN_UNUSED_FUNCTION = YES;
				GCC_WARN_UNUSED_VARIABLE = YES;
				MACOSX_DEPLOYMENT_TARGET = 10.10;
				MTL_ENABLE_DEBUG_INFO = NO;
				SDKROOT = macosx;
			};
			name = Release;
		};
		BD76E5531BB9D83300C84460 /* Debug */ = {
			isa = XCBuildConfiguration;
			buildSettings = {
				PRODUCT_NAME = "$(TARGET_NAME)";
			};
			name = Debug;
		};
		BD76E5541BB9D83300C84460 /* Release */ = {
			isa = XCBuildConfiguration;
			buildSettings = {
				PRODUCT_NAME = "$(TARGET_NAME)";
			};
			name = Release;
		};
/* End XCBuildConfiguration section */

/* Begin XCConfigurationList section */
		BD76E5461BB9D83300C84460 /* Build configuration list for PBXProject "RevBayes" */ = {
			isa = XCConfigurationList;
			buildConfigurations = (
				BD76E5501BB9D83300C84460 /* Debug */,
				BD76E5511BB9D83300C84460 /* Release */,
			);
			defaultConfigurationIsVisible = 0;
			defaultConfigurationName = Release;
		};
		BD76E5521BB9D83300C84460 /* Build configuration list for PBXNativeTarget "RevBayes" */ = {
			isa = XCConfigurationList;
			buildConfigurations = (
				BD76E5531BB9D83300C84460 /* Debug */,
				BD76E5541BB9D83300C84460 /* Release */,
			);
			defaultConfigurationIsVisible = 0;
		};
/* End XCConfigurationList section */
	};
	rootObject = BD76E5431BB9D83300C84460 /* Project object */;
}
